
Microsoft Visual Studio Solution File, Format Version 12.00
Project("{FAE04EC0-301F-11D3-BF4B-00C04F79EFBC}") = "Pig-n-Go.Server", "Pig-n-Go.Server\Pig-n-Go.Server.csproj", "{15D079CC-704D-4F00-A872-E240B19A64FD}"
EndProject
Project("{2150E333-8FDC-42A3-9474-1A3956D46DE8}") = "Solution Items", "Solution Items", "{DE0B692A-5300-48FC-BB87-E5D24226D7A8}"
ProjectSection(SolutionItems) = preProject
	.editorconfig = .editorconfig
EndProjectSection
EndProject
Project("{FAE04EC0-301F-11D3-BF4B-00C04F79EFBC}") = "Pig-n-Go.Core", "Pig-n-Go.Core\Pig-n-Go.Core.csproj", "{BDB6643C-155E-4CC3-A39A-4E06B0FA7443}"
EndProject
Project("{FAE04EC0-301F-11D3-BF4B-00C04F79EFBC}") = "Pig-n-Go.PassengerClient", "Pig-n-Go.PassengerClient\Pig-n-Go.PassengerClient.csproj", "{B3E03D11-9AEF-4DD1-9FFC-AE989335E056}"
EndProject
Project("{FAE04EC0-301F-11D3-BF4B-00C04F79EFBC}") = "Pig-n-Go.DriverClient", "Pig-n-Go.DriverClient\Pig-n-Go.DriverClient.csproj", "{4E959FAE-2584-4BFC-B3C2-3729140DDD2E}"
EndProject
Project("{FAE04EC0-301F-11D3-BF4B-00C04F79EFBC}") = "Pig-n-Go.DAL", "Pig-n-Go.DAL\Pig-n-Go.DAL.csproj", "{09613836-3C65-474A-82CC-AD9E4856D9F4}"
EndProject
Project("{FAE04EC0-301F-11D3-BF4B-00C04F79EFBC}") = "Pig-n-Go.BLL", "Pig-n-Go.BLL\Pig-n-Go.BLL.csproj", "{2AC3227F-55A9-4694-BB30-B49EB0CCBC57}"
EndProject
Project("{FAE04EC0-301F-11D3-BF4B-00C04F79EFBC}") = "Pig-n-Go.Tests", "Pig-n-Go.Tests\Pig-n-Go.Tests.csproj", "{1120299F-698A-489C-B50A-0E3F972038BA}"
EndProject
Project("{FAE04EC0-301F-11D3-BF4B-00C04F79EFBC}") = "Pig-n-Go.Common", "Pig-n-Go.Common\Pig-n-Go.Common.csproj", "{0EAC729E-388B-4163-B5C3-044C932FABB7}"
EndProject
Global
	GlobalSection(SolutionConfigurationPlatforms) = preSolution
		Debug|Any CPU = Debug|Any CPU
		Release|Any CPU = Release|Any CPU
	EndGlobalSection
	GlobalSection(ProjectConfigurationPlatforms) = postSolution
		{15D079CC-704D-4F00-A872-E240B19A64FD}.Debug|Any CPU.ActiveCfg = Debug|Any CPU
		{15D079CC-704D-4F00-A872-E240B19A64FD}.Debug|Any CPU.Build.0 = Debug|Any CPU
		{15D079CC-704D-4F00-A872-E240B19A64FD}.Release|Any CPU.ActiveCfg = Release|Any CPU
		{15D079CC-704D-4F00-A872-E240B19A64FD}.Release|Any CPU.Build.0 = Release|Any CPU
		{BDB6643C-155E-4CC3-A39A-4E06B0FA7443}.Debug|Any CPU.ActiveCfg = Debug|Any CPU
		{BDB6643C-155E-4CC3-A39A-4E06B0FA7443}.Debug|Any CPU.Build.0 = Debug|Any CPU
		{BDB6643C-155E-4CC3-A39A-4E06B0FA7443}.Release|Any CPU.ActiveCfg = Release|Any CPU
		{BDB6643C-155E-4CC3-A39A-4E06B0FA7443}.Release|Any CPU.Build.0 = Release|Any CPU
		{B3E03D11-9AEF-4DD1-9FFC-AE989335E056}.Debug|Any CPU.ActiveCfg = Debug|Any CPU
		{B3E03D11-9AEF-4DD1-9FFC-AE989335E056}.Debug|Any CPU.Build.0 = Debug|Any CPU
		{B3E03D11-9AEF-4DD1-9FFC-AE989335E056}.Release|Any CPU.ActiveCfg = Release|Any CPU
		{B3E03D11-9AEF-4DD1-9FFC-AE989335E056}.Release|Any CPU.Build.0 = Release|Any CPU
		{4E959FAE-2584-4BFC-B3C2-3729140DDD2E}.Debug|Any CPU.ActiveCfg = Debug|Any CPU
		{4E959FAE-2584-4BFC-B3C2-3729140DDD2E}.Debug|Any CPU.Build.0 = Debug|Any CPU
		{4E959FAE-2584-4BFC-B3C2-3729140DDD2E}.Release|Any CPU.ActiveCfg = Release|Any CPU
		{4E959FAE-2584-4BFC-B3C2-3729140DDD2E}.Release|Any CPU.Build.0 = Release|Any CPU
		{09613836-3C65-474A-82CC-AD9E4856D9F4}.Debug|Any CPU.ActiveCfg = Debug|Any CPU
		{09613836-3C65-474A-82CC-AD9E4856D9F4}.Debug|Any CPU.Build.0 = Debug|Any CPU
		{09613836-3C65-474A-82CC-AD9E4856D9F4}.Release|Any CPU.ActiveCfg = Release|Any CPU
		{09613836-3C65-474A-82CC-AD9E4856D9F4}.Release|Any CPU.Build.0 = Release|Any CPU
		{2AC3227F-55A9-4694-BB30-B49EB0CCBC57}.Debug|Any CPU.ActiveCfg = Debug|Any CPU
		{2AC3227F-55A9-4694-BB30-B49EB0CCBC57}.Debug|Any CPU.Build.0 = Debug|Any CPU
		{2AC3227F-55A9-4694-BB30-B49EB0CCBC57}.Release|Any CPU.ActiveCfg = Release|Any CPU
		{2AC3227F-55A9-4694-BB30-B49EB0CCBC57}.Release|Any CPU.Build.0 = Release|Any CPU
		{1120299F-698A-489C-B50A-0E3F972038BA}.Debug|Any CPU.ActiveCfg = Debug|Any CPU
		{1120299F-698A-489C-B50A-0E3F972038BA}.Debug|Any CPU.Build.0 = Debug|Any CPU
		{1120299F-698A-489C-B50A-0E3F972038BA}.Release|Any CPU.ActiveCfg = Release|Any CPU
		{1120299F-698A-489C-B50A-0E3F972038BA}.Release|Any CPU.Build.0 = Release|Any CPU
		{0EAC729E-388B-4163-B5C3-044C932FABB7}.Debug|Any CPU.ActiveCfg = Debug|Any CPU
		{0EAC729E-388B-4163-B5C3-044C932FABB7}.Debug|Any CPU.Build.0 = Debug|Any CPU
		{0EAC729E-388B-4163-B5C3-044C932FABB7}.Release|Any CPU.ActiveCfg = Release|Any CPU
		{0EAC729E-388B-4163-B5C3-044C932FABB7}.Release|Any CPU.Build.0 = Release|Any CPU
	EndGlobalSection
EndGlobal
